
Microsoft Visual Studio Solution File, Format Version 12.00
# Visual Studio 15
VisualStudioVersion = 15.0.27130.2024
MinimumVisualStudioVersion = 10.0.40219.1
Project("{FAE04EC0-301F-11D3-BF4B-00C04F79EFBC}") = "BoardGameLibrary.Api", "BoardGameLibrary.Api\BoardGameLibrary.Api.csproj", "{54360322-D608-45AE-86D1-201CB0BFEF96}"
EndProject
Project("{FAE04EC0-301F-11D3-BF4B-00C04F79EFBC}") = "BoardGameLibrary.Data", "BoardGameLibrary.Data\BoardGameLibrary.Data.csproj", "{498AAE6F-1C7B-497E-ACAE-C7F013ECDF64}"
EndProject
Global
	GlobalSection(SolutionConfigurationPlatforms) = preSolution
		Debug|Any CPU = Debug|Any CPU
		Library|Any CPU = Library|Any CPU
		Local|Any CPU = Local|Any CPU
		PlayAndWin|Any CPU = PlayAndWin|Any CPU
		Prod|Any CPU = Prod|Any CPU
		Test|Any CPU = Test|Any CPU
	EndGlobalSection
	GlobalSection(ProjectConfigurationPlatforms) = postSolution
		{54360322-D608-45AE-86D1-201CB0BFEF96}.Debug|Any CPU.ActiveCfg = Debug|Any CPU
		{54360322-D608-45AE-86D1-201CB0BFEF96}.Debug|Any CPU.Build.0 = Debug|Any CPU
		{54360322-D608-45AE-86D1-201CB0BFEF96}.Library|Any CPU.ActiveCfg = Library|Any CPU
		{54360322-D608-45AE-86D1-201CB0BFEF96}.Library|Any CPU.Build.0 = Library|Any CPU
		{54360322-D608-45AE-86D1-201CB0BFEF96}.Local|Any CPU.ActiveCfg = Local|Any CPU
		{54360322-D608-45AE-86D1-201CB0BFEF96}.Local|Any CPU.Build.0 = Local|Any CPU
		{54360322-D608-45AE-86D1-201CB0BFEF96}.PlayAndWin|Any CPU.ActiveCfg = PlayAndWin|Any CPU
		{54360322-D608-45AE-86D1-201CB0BFEF96}.PlayAndWin|Any CPU.Build.0 = PlayAndWin|Any CPU
		{54360322-D608-45AE-86D1-201CB0BFEF96}.Prod|Any CPU.ActiveCfg = Prod|Any CPU
		{54360322-D608-45AE-86D1-201CB0BFEF96}.Prod|Any CPU.Build.0 = Prod|Any CPU
		{54360322-D608-45AE-86D1-201CB0BFEF96}.Test|Any CPU.ActiveCfg = Test|Any CPU
		{54360322-D608-45AE-86D1-201CB0BFEF96}.Test|Any CPU.Build.0 = Test|Any CPU
		{498AAE6F-1C7B-497E-ACAE-C7F013ECDF64}.Debug|Any CPU.ActiveCfg = Debug|Any CPU
		{498AAE6F-1C7B-497E-ACAE-C7F013ECDF64}.Debug|Any CPU.Build.0 = Debug|Any CPU
		{498AAE6F-1C7B-497E-ACAE-C7F013ECDF64}.Library|Any CPU.ActiveCfg = Library|Any CPU
		{498AAE6F-1C7B-497E-ACAE-C7F013ECDF64}.Library|Any CPU.Build.0 = Library|Any CPU
		{498AAE6F-1C7B-497E-ACAE-C7F013ECDF64}.Local|Any CPU.ActiveCfg = Local|Any CPU
		{498AAE6F-1C7B-497E-ACAE-C7F013ECDF64}.Local|Any CPU.Build.0 = Local|Any CPU
		{498AAE6F-1C7B-497E-ACAE-C7F013ECDF64}.PlayAndWin|Any CPU.ActiveCfg = PlayAndWin|Any CPU
		{498AAE6F-1C7B-497E-ACAE-C7F013ECDF64}.PlayAndWin|Any CPU.Build.0 = PlayAndWin|Any CPU
		{498AAE6F-1C7B-497E-ACAE-C7F013ECDF64}.Prod|Any CPU.ActiveCfg = Prod|Any CPU
		{498AAE6F-1C7B-497E-ACAE-C7F013ECDF64}.Prod|Any CPU.Build.0 = Prod|Any CPU
		{498AAE6F-1C7B-497E-ACAE-C7F013ECDF64}.Test|Any CPU.ActiveCfg = Test|Any CPU
		{498AAE6F-1C7B-497E-ACAE-C7F013ECDF64}.Test|Any CPU.Build.0 = Test|Any CPU
	EndGlobalSection
	GlobalSection(SolutionProperties) = preSolution
		HideSolutionNode = FALSE
	EndGlobalSection
	GlobalSection(ExtensibilityGlobals) = postSolution
		SolutionGuid = {B1FCFB29-DB09-4130-9FE1-D0A7DBCBA7B9}
	EndGlobalSection
EndGlobal
